{
    "name": "@qalcuity/mobile",
    "version": "0.1.0",
    "lockfileVersion": 3,
    "requires": true,
    "packages": {
        "": {
            "name": "@qalcuity/mobile",
            "version": "0.1.0",
            "dependencies": {
                "@expo/vector-icons": "^14.0.0",
                "@react-native-async-storage/async-storage": "^3.1.1",
                "@react-navigation/native": "^6.1.9",
                "@react-navigation/native-stack": "^6.9.17",
                "expo": "~50.0.0",
                "expo-status-bar": "~1.11.1",
                "react": "18.2.0",
                "react-native": "0.73.4",
                "react-native-safe-area-context": "4.8.2",
                "react-native-screens": "~3.29.0"
            },
            "devDependencies": {
                "@babel/core": "^7.20.0",
                "@types/react": "~18.2.45",
                "typescript": "^5.5.0"
            }
        },
        "../../node_modules/.pnpm/@babel+core@7.29.7/node_modules/@babel/core": {
            "version": "7.29.7",
            "dev": true,
            "license": "MIT",
            "dependencies": {
                "@babel/code-frame": "^7.29.7",
                "@babel/generator": "^7.29.7",
                "@babel/helper-compilation-targets": "^7.29.7",
                "@babel/helper-module-transforms": "^7.29.7",
                "@babel/helpers": "^7.29.7",
                "@babel/parser": "^7.29.7",
                "@babel/template": "^7.29.7",
                "@babel/traverse": "^7.29.7",
                "@babel/types": "^7.29.7",
                "@jridgewell/remapping": "^2.3.5",
                "convert-source-map": "^2.0.0",
                "debug": "^4.1.0",
                "gensync": "^1.0.0-beta.2",
                "json5": "^2.2.3",
                "semver": "^6.3.1"
            },
            "devDependencies": {
                "@babel/helper-transform-fixture-test-runner": "^7.29.7",
                "@babel/plugin-syntax-flow": "^7.29.7",
                "@babel/plugin-transform-flow-strip-types": "^7.29.7",
                "@babel/plugin-transform-modules-commonjs": "^7.29.7",
                "@babel/preset-env": "^7.29.7",
                "@babel/preset-typescript": "^7.29.7",
                "@jridgewell/trace-mapping": "^0.3.28",
                "@types/convert-source-map": "^2.0.0",
                "@types/debug": "^4.1.0",
                "@types/resolve": "^1.3.2",
                "@types/semver": "^5.4.0",
                "rimraf": "^3.0.0",
                "ts-node": "^11.0.0-beta.1",
                "tsx": "^4.20.3"
            },
            "engines": {
                "node": ">=6.9.0"
            },
            "funding": {
                "type": "opencollective",
                "url": "https://opencollective.com/babel"
            }
        },
        "../../node_modules/.pnpm/@expo+vector-icons@14.1.0_expo-font@11.10.3_expo@50.0.21_@babel+core@7.29.7_@react-native+bab_x3zu5u5bf53fqo2e5t4vb73uki/node_modules/@expo/vector-icons": {
            "version": "14.1.0",
            "license": "MIT",
            "devDependencies": {
                "@babel/core": "^7.23.7",
                "@types/react-native": "~0.64",
                "eslint": "^8.56.0",
                "eslint-config-universe": "^12.0.0",
                "expo-font": "^11.10.0",
                "expo-module-scripts": "^3.4.0",
                "prettier": "^3.1.1"
            },
            "peerDependencies": {
                "expo-font": "*",
                "react": "*",
                "react-native": "*"
            }
        },
        "../../node_modules/.pnpm/@react-navigation+native-stack@6.11.0_@react-navigation+native@6.1.18_react-native@0.73.4_@ba_fo62b5s6b5o72p4tawsfpucemm/node_modules/@react-navigation/native-stack": {
            "version": "6.11.0",
            "license": "MIT",
            "dependencies": {
                "@react-navigation/elements": "^1.3.31",
                "warn-once": "^0.1.0"
            },
            "devDependencies": {
                "@react-navigation/native": "^6.1.18",
                "@testing-library/react-native": "^11.5.0",
                "@types/react": "~18.0.27",
                "@types/react-native": "~0.71.3",
                "del-cli": "^5.0.0",
                "react": "18.2.0",
                "react-native": "0.71.8",
                "react-native-builder-bob": "^0.20.4",
                "react-native-screens": "~3.29.0",
                "typescript": "^4.9.4"
            },
            "peerDependencies": {
                "@react-navigation/native": "^6.0.0",
                "react": "*",
                "react-native": "*",
                "react-native-safe-area-context": ">= 3.0.0",
                "react-native-screens": ">= 3.0.0"
            }
        },
        "../../node_modules/.pnpm/@react-navigation+native@6.1.18_react-native@0.73.4_@babel+core@7.29.7_@babel+preset-env@7.29_f6gwwrffjjo3fw6dqjn7kqmuti/node_modules/@react-navigation/native": {
            "version": "6.1.18",
            "license": "MIT",
            "dependencies": {
                "@react-navigation/core": "^6.4.17",
                "escape-string-regexp": "^4.0.0",
                "fast-deep-equal": "^3.1.3",
                "nanoid": "^3.1.23"
            },
            "devDependencies": {
                "@testing-library/react-native": "^11.5.0",
                "@types/react": "~18.0.27",
                "@types/react-dom": "~18.0.10",
                "@types/react-native": "~0.71.3",
                "del-cli": "^5.0.0",
                "react": "18.2.0",
                "react-dom": "18.2.0",
                "react-native": "0.71.8",
                "react-native-builder-bob": "^0.20.4",
                "typescript": "^4.9.4"
            },
            "peerDependencies": {
                "react": "*",
                "react-native": "*"
            }
        },
        "../../node_modules/.pnpm/@types+react@18.2.79/node_modules/@types/react": {
            "version": "18.2.79",
            "dev": true,
            "license": "MIT",
            "dependencies": {
                "@types/prop-types": "*",
                "csstype": "^3.0.2"
            }
        },
        "../../node_modules/.pnpm/expo-status-bar@1.11.1/node_modules/expo-status-bar": {
            "version": "1.11.1",
            "license": "MIT",
            "devDependencies": {
                "@testing-library/jest-dom": "^5.16.5",
                "@testing-library/react": "^13.4.0",
                "@testing-library/react-native": "^11.3.0",
                "expo-module-scripts": "^3.0.0"
            }
        },
        "../../node_modules/.pnpm/expo@50.0.21_@babel+core@7.29.7_@react-native+babel-preset@0.73.21_@babel+core@7.29.7_@babel+_l6cz37ctlyxuo6ukueylxrj4ce/node_modules/expo": {
            "version": "50.0.21",
            "license": "MIT",
            "dependencies": {
                "@babel/runtime": "^7.20.0",
                "@expo/cli": "0.17.13",
                "@expo/config": "8.5.6",
                "@expo/config-plugins": "7.9.2",
                "@expo/metro-config": "0.17.8",
                "@expo/vector-icons": "^14.0.0",
                "babel-preset-expo": "~10.0.2",
                "expo-asset": "~9.0.2",
                "expo-file-system": "~16.0.9",
                "expo-font": "~11.10.3",
                "expo-keep-awake": "~12.8.2",
                "expo-modules-autolinking": "1.10.3",
                "expo-modules-core": "1.11.14",
                "fbemitter": "^3.0.0",
                "whatwg-url-without-unicode": "8.0.0-3"
            },
            "bin": {
                "expo": "bin/cli"
            },
            "devDependencies": {
                "@types/react": "~18.0.14",
                "@types/react-test-renderer": "^18.0.0",
                "expo-module-scripts": "^3.4.2",
                "react": "18.2.0",
                "react-dom": "18.2.0",
                "react-native": "0.73.6"
            }
        },
        "../../node_modules/.pnpm/react-native-safe-area-context@4.8.2_react-native@0.73.4_@babel+core@7.29.7_@babel+preset-env_qjqyp5bb62xpt2rbns6hxnc6su/node_modules/react-native-safe-area-context": {
            "version": "4.8.2",
            "license": "MIT",
            "devDependencies": {
                "@commitlint/config-conventional": "^18.4.3",
                "@jest/globals": "^29.7.0",
                "@react-native-community/eslint-config": "^3.2.0",
                "@react-native/babel-preset": "^0.73.18",
                "@react-native/eslint-plugin-specs": "^0.74.0",
                "@release-it/conventional-changelog": "^8.0.1",
                "@types/react": "^18.2.45",
                "@types/react-dom": "^18.2.17",
                "@types/react-test-renderer": "^18.0.7",
                "@typescript-eslint/eslint-plugin": "^6.14.0",
                "@typescript-eslint/parser": "^6.14.0",
                "babel-plugin-module-resolver": "^5.0.0",
                "clang-format": "^1.8.0",
                "commitlint": "^18.4.3",
                "eslint": "^8.55.0",
                "eslint-config-prettier": "^9.1.0",
                "eslint-plugin-jest": "^27.6.0",
                "eslint-plugin-prettier": "^5.0.1",
                "husky": "^8.0.3",
                "jest": "^29.7.0",
                "prettier": "^3.1.1",
                "react": "^18.2.0",
                "react-dom": "^18.2.0",
                "react-native": "^0.73.0",
                "react-native-builder-bob": "^0.23.2",
                "react-test-renderer": "^18.2.0",
                "release-it": "^17.0.1",
                "typescript": "^5.3.3"
            },
            "peerDependencies": {
                "react": "*",
                "react-native": "*"
            }
        },
        "../../node_modules/.pnpm/react-native-screens@3.29.0_react-native@0.73.4_@babel+core@7.29.7_@babel+preset-env@7.29.7_@_zybzkvw3lthp5cupq6ppwva67a/node_modules/react-native-screens": {
            "version": "3.29.0",
            "license": "MIT",
            "dependencies": {
                "react-freeze": "^1.0.0",
                "warn-once": "^0.1.0"
            },
            "devDependencies": {
                "@babel/core": "^7.20.0",
                "@babel/eslint-parser": "7.22.15",
                "@react-native-community/bob": "^0.17.1",
                "@react-native-community/cli": "^11.3.6",
                "@react-native-community/cli-platform-android": "^11.3.6",
                "@react-native-community/cli-platform-ios": "^11.3.6",
                "@react-navigation/native": "^5.8.0",
                "@react-navigation/stack": "^5.10.0",
                "@types/jest": "^29.3.1",
                "@types/react": "^18.2.21",
                "@types/react-test-renderer": "^18.0.0",
                "@typescript-eslint/eslint-plugin": "^6.5.0",
                "@typescript-eslint/parser": "^6.5.0",
                "babel-jest": "^29.6.4",
                "clang-format": "^1.8.0",
                "eslint": "^8.19.0",
                "eslint-config-prettier": "^8.10.0",
                "eslint-config-standard": "^17.1.0",
                "eslint-plugin-import": "^2.28.1",
                "eslint-plugin-jest": "^27.2.3",
                "eslint-plugin-n": "^16.0.2",
                "eslint-plugin-promise": "^6.1.1",
                "eslint-plugin-react": "^7.33.2",
                "eslint-plugin-react-hooks": "^4.6.0",
                "eslint-plugin-react-native": "^4.0.0",
                "husky": "^8.0.3",
                "jest": "^29.3.1",
                "lint-staged": "^14.0.1",
                "metro-react-native-babel-preset": "^0.76.8",
                "prettier": "^2.8.8",
                "react": "18.2.0",
                "react-dom": "^18.2.0",
                "react-native": "0.72.4",
                "react-native-reanimated": "^2.2.0",
                "react-native-safe-area-context": "^4.7.2",
                "react-native-windows": "^0.64.8",
                "react-test-renderer": "^18.2.0",
                "release-it": "^15.6.0",
                "typescript": "4.8.4"
            },
            "peerDependencies": {
                "react": "*",
                "react-native": "*"
            }
        },
        "../../node_modules/.pnpm/react-native@0.73.4_@babel+core@7.29.7_@babel+preset-env@7.29.7_@babel+core@7.29.7__react@18.2.0/node_modules/react-native": {
            "version": "0.73.4",
            "license": "MIT",
            "dependencies": {
                "@jest/create-cache-key-function": "^29.6.3",
                "@react-native-community/cli": "12.3.2",
                "@react-native-community/cli-platform-android": "12.3.2",
                "@react-native-community/cli-platform-ios": "12.3.2",
                "@react-native/assets-registry": "0.73.1",
                "@react-native/codegen": "0.73.3",
                "@react-native/community-cli-plugin": "0.73.16",
                "@react-native/gradle-plugin": "0.73.4",
                "@react-native/js-polyfills": "0.73.1",
                "@react-native/normalize-colors": "0.73.2",
                "@react-native/virtualized-lists": "0.73.4",
                "abort-controller": "^3.0.0",
                "anser": "^1.4.9",
                "ansi-regex": "^5.0.0",
                "base64-js": "^1.5.1",
                "chalk": "^4.0.0",
                "deprecated-react-native-prop-types": "^5.0.0",
                "event-target-shim": "^5.0.1",
                "flow-enums-runtime": "^0.0.6",
                "invariant": "^2.2.4",
                "jest-environment-node": "^29.6.3",
                "jsc-android": "^250231.0.0",
                "memoize-one": "^5.0.0",
                "metro-runtime": "^0.80.3",
                "metro-source-map": "^0.80.3",
                "mkdirp": "^0.5.1",
                "nullthrows": "^1.1.1",
                "pretty-format": "^26.5.2",
                "promise": "^8.3.0",
                "react-devtools-core": "^4.27.7",
                "react-refresh": "^0.14.0",
                "react-shallow-renderer": "^16.15.0",
                "regenerator-runtime": "^0.13.2",
                "scheduler": "0.24.0-canary-efb381bbf-20230505",
                "stacktrace-parser": "^0.1.10",
                "whatwg-fetch": "^3.0.0",
                "ws": "^6.2.2",
                "yargs": "^17.6.2"
            },
            "bin": {
                "react-native": "cli.js"
            },
            "engines": {
                "node": ">=18"
            },
            "peerDependencies": {
                "react": "18.2.0"
            }
        },
        "../../node_modules/.pnpm/react@18.2.0/node_modules/react": {
            "version": "18.2.0",
            "license": "MIT",
            "dependencies": {
                "loose-envify": "^1.1.0"
            },
            "engines": {
                "node": ">=0.10.0"
            }
        },
        "../../node_modules/.pnpm/typescript@5.9.3/node_modules/typescript": {
            "version": "5.9.3",
            "dev": true,
            "license": "Apache-2.0",
            "bin": {
                "tsc": "bin/tsc",
                "tsserver": "bin/tsserver"
            },
            "devDependencies": {
                "@dprint/formatter": "^0.4.1",
                "@dprint/typescript": "0.93.4",
                "@esfx/canceltoken": "^1.0.0",
                "@eslint/js": "^9.20.0",
                "@octokit/rest": "^21.1.1",
                "@types/chai": "^4.3.20",
                "@types/diff": "^7.0.1",
                "@types/minimist": "^1.2.5",
                "@types/mocha": "^10.0.10",
                "@types/ms": "^0.7.34",
                "@types/node": "latest",
                "@types/source-map-support": "^0.5.10",
                "@types/which": "^3.0.4",
                "@typescript-eslint/rule-tester": "^8.24.1",
                "@typescript-eslint/type-utils": "^8.24.1",
                "@typescript-eslint/utils": "^8.24.1",
                "azure-devops-node-api": "^14.1.0",
                "c8": "^10.1.3",
                "chai": "^4.5.0",
                "chokidar": "^4.0.3",
                "diff": "^7.0.0",
                "dprint": "^0.49.0",
                "esbuild": "^0.25.0",
                "eslint": "^9.20.1",
                "eslint-formatter-autolinkable-stylish": "^1.4.0",
                "eslint-plugin-regexp": "^2.7.0",
                "fast-xml-parser": "^4.5.2",
                "glob": "^10.4.5",
                "globals": "^15.15.0",
                "hereby": "^1.10.0",
                "jsonc-parser": "^3.3.1",
                "knip": "^5.44.4",
                "minimist": "^1.2.8",
                "mocha": "^10.8.2",
                "mocha-fivemat-progress-reporter": "^0.1.0",
                "monocart-coverage-reports": "^2.12.1",
                "ms": "^2.1.3",
                "picocolors": "^1.1.1",
                "playwright": "^1.50.1",
                "source-map-support": "^0.5.21",
                "tslib": "^2.8.1",
                "typescript": "^5.7.3",
                "typescript-eslint": "^8.24.1",
                "which": "^3.0.1"
            },
            "engines": {
                "node": ">=14.17"
            }
        },
        "node_modules/@babel/core": {
            "resolved": "../../node_modules/.pnpm/@babel+core@7.29.7/node_modules/@babel/core",
            "link": true
        },
        "node_modules/@expo/vector-icons": {
            "resolved": "../../node_modules/.pnpm/@expo+vector-icons@14.1.0_expo-font@11.10.3_expo@50.0.21_@babel+core@7.29.7_@react-native+bab_x3zu5u5bf53fqo2e5t4vb73uki/node_modules/@expo/vector-icons",
            "link": true
        },
        "node_modules/@react-native-async-storage/async-storage": {
            "version": "3.1.1",
            "resolved": "https://registry.npmjs.org/@react-native-async-storage/async-storage/-/async-storage-3.1.1.tgz",
            "integrity": "sha512-z+PnLz1n6ECKhgoHZHkfc+dijXZEyZnNFSajbtE0NEbsJhmX8x9GlOeiMQIKX2E4DUqPSgfIh4FYBv1M49KgPQ==",
            "license": "MIT",
            "dependencies": {
                "idb": "8.0.3"
            },
            "peerDependencies": {
                "react": "*",
                "react-native": "*"
            }
        },
        "node_modules/@react-navigation/native": {
            "resolved": "../../node_modules/.pnpm/@react-navigation+native@6.1.18_react-native@0.73.4_@babel+core@7.29.7_@babel+preset-env@7.29_f6gwwrffjjo3fw6dqjn7kqmuti/node_modules/@react-navigation/native",
            "link": true
        },
        "node_modules/@react-navigation/native-stack": {
            "resolved": "../../node_modules/.pnpm/@react-navigation+native-stack@6.11.0_@react-navigation+native@6.1.18_react-native@0.73.4_@ba_fo62b5s6b5o72p4tawsfpucemm/node_modules/@react-navigation/native-stack",
            "link": true
        },
        "node_modules/@types/react": {
            "resolved": "../../node_modules/.pnpm/@types+react@18.2.79/node_modules/@types/react",
            "link": true
        },
        "node_modules/expo": {
            "resolved": "../../node_modules/.pnpm/expo@50.0.21_@babel+core@7.29.7_@react-native+babel-preset@0.73.21_@babel+core@7.29.7_@babel+_l6cz37ctlyxuo6ukueylxrj4ce/node_modules/expo",
            "link": true
        },
        "node_modules/expo-status-bar": {
            "resolved": "../../node_modules/.pnpm/expo-status-bar@1.11.1/node_modules/expo-status-bar",
            "link": true
        },
        "node_modules/idb": {
            "version": "8.0.3",
            "resolved": "https://registry.npmjs.org/idb/-/idb-8.0.3.tgz",
            "integrity": "sha512-LtwtVyVYO5BqRvcsKuB2iUMnHwPVByPCXFXOpuU96IZPPoPN6xjOGxZQ74pgSVVLQWtUOYgyeL4GE98BY5D3wg==",
            "license": "ISC"
        },
        "node_modules/react": {
            "resolved": "../../node_modules/.pnpm/react@18.2.0/node_modules/react",
            "link": true
        },
        "node_modules/react-native": {
            "resolved": "../../node_modules/.pnpm/react-native@0.73.4_@babel+core@7.29.7_@babel+preset-env@7.29.7_@babel+core@7.29.7__react@18.2.0/node_modules/react-native",
            "link": true
        },
        "node_modules/react-native-safe-area-context": {
            "resolved": "../../node_modules/.pnpm/react-native-safe-area-context@4.8.2_react-native@0.73.4_@babel+core@7.29.7_@babel+preset-env_qjqyp5bb62xpt2rbns6hxnc6su/node_modules/react-native-safe-area-context",
            "link": true
        },
        "node_modules/react-native-screens": {
            "resolved": "../../node_modules/.pnpm/react-native-screens@3.29.0_react-native@0.73.4_@babel+core@7.29.7_@babel+preset-env@7.29.7_@_zybzkvw3lthp5cupq6ppwva67a/node_modules/react-native-screens",
            "link": true
        },
        "node_modules/typescript": {
            "resolved": "../../node_modules/.pnpm/typescript@5.9.3/node_modules/typescript",
            "link": true
        }
    }
}
